{
  "name": "understanding-jsx-parsing",
  "version": "1.0.0",
  "lockfileVersion": 1,
  "requires": true,
  "dependencies": {
    "acorn": {
      "version": "6.1.1",
      "resolved": "https://registry.npmjs.org/acorn/-/acorn-6.1.1.tgz",
      "integrity": "sha512-jPTiwtOxaHNaAPg/dmrJ/beuzLRnXtB0kQPQ8JpotKJgTB6rX6c8mlf315941pyjBSaPg8NHXS9fhP4u17DpGA=="
    },
    "acorn-jsx": {
      "version": "5.0.1",
      "resolved": "https://registry.npmjs.org/acorn-jsx/-/acorn-jsx-5.0.1.tgz",
      "integrity": "sha512-HJ7CfNHrfJLlNTzIEUTj43LNWGkqpRLxm3YjAlcD0ACydk9XynzYsCBHxut+iqt+1aBXkx9UP/w/ZqMr13XIzg=="
    },
    "eslint-visitor-keys": {
      "version": "1.0.0",
      "resolved": "https://registry.npmjs.org/eslint-visitor-keys/-/eslint-visitor-keys-1.0.0.tgz",
      "integrity": "sha512-qzm/XxIbxm/FHyH341ZrbnMUpe+5Bocte9xkmFMzPMjRaZMcXww+MpBptFvtU+79L362nqiLhekCxCxDPaUMBQ=="
    },
    "espree": {
      "version": "5.0.1",
      "resolved": "https://registry.npmjs.org/espree/-/espree-5.0.1.tgz",
      "integrity": "sha512-qWAZcWh4XE/RwzLJejfcofscgMc9CamR6Tn1+XRXNzrvUSSbiAjGOI/fggztjIi7y9VLPqnICMIPiGyr8JaZ0A==",
      "requires": {
        "acorn": "^6.0.7",
        "acorn-jsx": "^5.0.0",
        "eslint-visitor-keys": "^1.0.0"
      }
    }
  }
}
