{
  "name": "understanding-acorn-jsx",
  "version": "1.0.0",
  "lockfileVersion": 1,
  "requires": true,
  "dependencies": {
    "acorn": {
      "version": "6.1.1",
      "resolved": "https://registry.npmjs.org/acorn/-/acorn-6.1.1.tgz",
      "integrity": "sha512-jPTiwtOxaHNaAPg/dmrJ/beuzLRnXtB0kQPQ8JpotKJgTB6rX6c8mlf315941pyjBSaPg8NHXS9fhP4u17DpGA=="
    },
    "acorn-jsx": {
      "version": "5.0.1",
      "resolved": "https://registry.npmjs.org/acorn-jsx/-/acorn-jsx-5.0.1.tgz",
      "integrity": "sha512-HJ7CfNHrfJLlNTzIEUTj43LNWGkqpRLxm3YjAlcD0ACydk9XynzYsCBHxut+iqt+1aBXkx9UP/w/ZqMr13XIzg=="
    }
  }
}
